// !$*UTF8*$!
{
	archiveVersion = 1;
	classes = {
	};
	objectVersion = 51;
	objects = {

/* Begin PBXBuildFile section */
		6366D12C2716C482009E6084 /* MenuListVC.swift in Sources */ = {isa = PBXBuildFile; fileRef = 6366D12B2716C482009E6084 /* MenuListVC.swift */; };
		6366D12E2716C914009E6084 /* SideMenuCell.swift in Sources */ = {isa = PBXBuildFile; fileRef = 6366D12D2716C914009E6084 /* SideMenuCell.swift */; };
		6377F8362702E11900436B6D /* MenuCell.swift in Sources */ = {isa = PBXBuildFile; fileRef = 6377F8352702E11900436B6D /* MenuCell.swift */; };
		6384B142270C48BC000138B6 /* Model.swift in Sources */ = {isa = PBXBuildFile; fileRef = 6384B141270C48BC000138B6 /* Model.swift */; };
		6384B144270C79CB000138B6 /* BlockedViewController.swift in Sources */ = {isa = PBXBuildFile; fileRef = 6384B143270C79CB000138B6 /* BlockedViewController.swift */; };
		6384B168270EBB74000138B6 /* ContactViewCell.swift in Sources */ = {isa = PBXBuildFile; fileRef = 6384B167270EBB74000138B6 /* ContactViewCell.swift */; };
		6384B16A270ECF59000138B6 /* Contact.swift in Sources */ = {isa = PBXBuildFile; fileRef = 6384B169270ECF59000138B6 /* Contact.swift */; };
		639E6731271E8B1900B6451F /* BusyNumberVC.swift in Sources */ = {isa = PBXBuildFile; fileRef = 639E6730271E8B1900B6451F /* BusyNumberVC.swift */; };
		639E6733271E8B4900B6451F /* BusyNumCell.swift in Sources */ = {isa = PBXBuildFile; fileRef = 639E6732271E8B4900B6451F /* BusyNumCell.swift */; };
		639E6736271E9AD200B6451F /* DataMenu.swift in Sources */ = {isa = PBXBuildFile; fileRef = 639E6735271E9AD200B6451F /* DataMenu.swift */; };
		639E6738271EC8E000B6451F /* MainViewController.swift in Sources */ = {isa = PBXBuildFile; fileRef = 639E6737271EC8E000B6451F /* MainViewController.swift */; };
		639E673A271EC91B00B6451F /* HorizontalCollectionCell.swift in Sources */ = {isa = PBXBuildFile; fileRef = 639E6739271EC91B00B6451F /* HorizontalCollectionCell.swift */; };
		639E673C271EC96200B6451F /* VerticalColectionViewCell.swift in Sources */ = {isa = PBXBuildFile; fileRef = 639E673B271EC96200B6451F /* VerticalColectionViewCell.swift */; };
		639E673E271ECD1B00B6451F /* InternetMegabyteModel.swift in Sources */ = {isa = PBXBuildFile; fileRef = 639E673D271ECD1B00B6451F /* InternetMegabyteModel.swift */; };
		639E6740271ECD3C00B6451F /* TarifModel.swift in Sources */ = {isa = PBXBuildFile; fileRef = 639E673F271ECD3C00B6451F /* TarifModel.swift */; };
		639E6742271ECE9900B6451F /* MapVC.swift in Sources */ = {isa = PBXBuildFile; fileRef = 639E6741271ECE9900B6451F /* MapVC.swift */; };
		639E6744271FE14900B6451F /* NewStockVC.swift in Sources */ = {isa = PBXBuildFile; fileRef = 639E6743271FE14900B6451F /* NewStockVC.swift */; };
		639E6746271FE16C00B6451F /* NewStockModel.swift in Sources */ = {isa = PBXBuildFile; fileRef = 639E6745271FE16C00B6451F /* NewStockModel.swift */; };
		639E6748271FE19400B6451F /* NewStockCell.swift in Sources */ = {isa = PBXBuildFile; fileRef = 639E6747271FE19400B6451F /* NewStockCell.swift */; };
		639E674A271FE46100B6451F /* ProfileVC.swift in Sources */ = {isa = PBXBuildFile; fileRef = 639E6749271FE46100B6451F /* ProfileVC.swift */; };
		639E674C2720167C00B6451F /* headerCell.swift in Sources */ = {isa = PBXBuildFile; fileRef = 639E674B2720167C00B6451F /* headerCell.swift */; };
		63B2E33C26FAF40700793919 /* HemeTabBarController.swift in Sources */ = {isa = PBXBuildFile; fileRef = 63B2E33B26FAF40700793919 /* HemeTabBarController.swift */; };
		63B2E34026FAF61E00793919 /* BalanceViewController.swift in Sources */ = {isa = PBXBuildFile; fileRef = 63B2E33F26FAF61E00793919 /* BalanceViewController.swift */; };
		63B2E34226FAF6C300793919 /* BonusesViewController.swift in Sources */ = {isa = PBXBuildFile; fileRef = 63B2E34126FAF6C300793919 /* BonusesViewController.swift */; };
		63B2E34426FAF74D00793919 /* ContactsViewController.swift in Sources */ = {isa = PBXBuildFile; fileRef = 63B2E34326FAF74D00793919 /* ContactsViewController.swift */; };
		63B2E34626FAF81F00793919 /* ProfileViewController.swift in Sources */ = {isa = PBXBuildFile; fileRef = 63B2E34526FAF81F00793919 /* ProfileViewController.swift */; };
		63F86B5B26F327BC007BF272 /* AppDelegate.swift in Sources */ = {isa = PBXBuildFile; fileRef = 63F86B5A26F327BC007BF272 /* AppDelegate.swift */; };
		63F86B5D26F327BC007BF272 /* SceneDelegate.swift in Sources */ = {isa = PBXBuildFile; fileRef = 63F86B5C26F327BC007BF272 /* SceneDelegate.swift */; };
		63F86B5F26F327BC007BF272 /* ViewController.swift in Sources */ = {isa = PBXBuildFile; fileRef = 63F86B5E26F327BC007BF272 /* ViewController.swift */; };
		63F86B6226F327BC007BF272 /* Main.storyboard in Resources */ = {isa = PBXBuildFile; fileRef = 63F86B6026F327BC007BF272 /* Main.storyboard */; };
		63F86B6426F327BE007BF272 /* Assets.xcassets in Resources */ = {isa = PBXBuildFile; fileRef = 63F86B6326F327BE007BF272 /* Assets.xcassets */; };
		63F86B6726F327BE007BF272 /* LaunchScreen.storyboard in Resources */ = {isa = PBXBuildFile; fileRef = 63F86B6526F327BE007BF272 /* LaunchScreen.storyboard */; };
		B6DEF302B900513D16C5185D /* Pods_Ussd.framework in Frameworks */ = {isa = PBXBuildFile; fileRef = D01BF9984CA37D6FB1E91436 /* Pods_Ussd.framework */; };
/* End PBXBuildFile section */

/* Begin PBXFileReference section */
		06A11D374175B172C93439C8 /* Pods-Ussd.release.xcconfig */ = {isa = PBXFileReference; includeInIndex = 1; lastKnownFileType = text.xcconfig; name = "Pods-Ussd.release.xcconfig"; path = "Target Support Files/Pods-Ussd/Pods-Ussd.release.xcconfig"; sourceTree = "<group>"; };
		6366D12B2716C482009E6084 /* MenuListVC.swift */ = {isa = PBXFileReference; lastKnownFileType = sourcecode.swift; path = MenuListVC.swift; sourceTree = "<group>"; };
		6366D12D2716C914009E6084 /* SideMenuCell.swift */ = {isa = PBXFileReference; lastKnownFileType = sourcecode.swift; path = SideMenuCell.swift; sourceTree = "<group>"; };
		6377F8352702E11900436B6D /* MenuCell.swift */ = {isa = PBXFileReference; lastKnownFileType = sourcecode.swift; path = MenuCell.swift; sourceTree = "<group>"; };
		6384B141270C48BC000138B6 /* Model.swift */ = {isa = PBXFileReference; lastKnownFileType = sourcecode.swift; path = Model.swift; sourceTree = "<group>"; };
		6384B143270C79CB000138B6 /* BlockedViewController.swift */ = {isa = PBXFileReference; lastKnownFileType = sourcecode.swift; path = BlockedViewController.swift; sourceTree = "<group>"; };
		6384B167270EBB74000138B6 /* ContactViewCell.swift */ = {isa = PBXFileReference; lastKnownFileType = sourcecode.swift; path = ContactViewCell.swift; sourceTree = "<group>"; };
		6384B169270ECF59000138B6 /* Contact.swift */ = {isa = PBXFileReference; lastKnownFileType = sourcecode.swift; path = Contact.swift; sourceTree = "<group>"; };
		639E6730271E8B1900B6451F /* BusyNumberVC.swift */ = {isa = PBXFileReference; lastKnownFileType = sourcecode.swift; path = BusyNumberVC.swift; sourceTree = "<group>"; };
		639E6732271E8B4900B6451F /* BusyNumCell.swift */ = {isa = PBXFileReference; lastKnownFileType = sourcecode.swift; path = BusyNumCell.swift; sourceTree = "<group>"; };
		639E6735271E9AD200B6451F /* DataMenu.swift */ = {isa = PBXFileReference; lastKnownFileType = sourcecode.swift; path = DataMenu.swift; sourceTree = "<group>"; };
		639E6737271EC8E000B6451F /* MainViewController.swift */ = {isa = PBXFileReference; lastKnownFileType = sourcecode.swift; path = MainViewController.swift; sourceTree = "<group>"; };
		639E6739271EC91B00B6451F /* HorizontalCollectionCell.swift */ = {isa = PBXFileReference; lastKnownFileType = sourcecode.swift; path = HorizontalCollectionCell.swift; sourceTree = "<group>"; };
		639E673B271EC96200B6451F /* VerticalColectionViewCell.swift */ = {isa = PBXFileReference; lastKnownFileType = sourcecode.swift; path = VerticalColectionViewCell.swift; sourceTree = "<group>"; };
		639E673D271ECD1B00B6451F /* InternetMegabyteModel.swift */ = {isa = PBXFileReference; lastKnownFileType = sourcecode.swift; path = InternetMegabyteModel.swift; sourceTree = "<group>"; };
		639E673F271ECD3C00B6451F /* TarifModel.swift */ = {isa = PBXFileReference; lastKnownFileType = sourcecode.swift; path = TarifModel.swift; sourceTree = "<group>"; };
		639E6741271ECE9900B6451F /* MapVC.swift */ = {isa = PBXFileReference; lastKnownFileType = sourcecode.swift; path = MapVC.swift; sourceTree = "<group>"; };
		639E6743271FE14900B6451F /* NewStockVC.swift */ = {isa = PBXFileReference; lastKnownFileType = sourcecode.swift; path = NewStockVC.swift; sourceTree = "<group>"; };
		639E6745271FE16C00B6451F /* NewStockModel.swift */ = {isa = PBXFileReference; lastKnownFileType = sourcecode.swift; path = NewStockModel.swift; sourceTree = "<group>"; };
		639E6747271FE19400B6451F /* NewStockCell.swift */ = {isa = PBXFileReference; lastKnownFileType = sourcecode.swift; path = NewStockCell.swift; sourceTree = "<group>"; };
		639E6749271FE46100B6451F /* ProfileVC.swift */ = {isa = PBXFileReference; lastKnownFileType = sourcecode.swift; path = ProfileVC.swift; sourceTree = "<group>"; };
		639E674B2720167C00B6451F /* headerCell.swift */ = {isa = PBXFileReference; lastKnownFileType = sourcecode.swift; path = headerCell.swift; sourceTree = "<group>"; };
		63B2E33B26FAF40700793919 /* HemeTabBarController.swift */ = {isa = PBXFileReference; lastKnownFileType = sourcecode.swift; path = HemeTabBarController.swift; sourceTree = "<group>"; };
		63B2E33F26FAF61E00793919 /* BalanceViewController.swift */ = {isa = PBXFileReference; lastKnownFileType = sourcecode.swift; path = BalanceViewController.swift; sourceTree = "<group>"; };
		63B2E34126FAF6C300793919 /* BonusesViewController.swift */ = {isa = PBXFileReference; lastKnownFileType = sourcecode.swift; path = BonusesViewController.swift; sourceTree = "<group>"; };
		63B2E34326FAF74D00793919 /* ContactsViewController.swift */ = {isa = PBXFileReference; lastKnownFileType = sourcecode.swift; path = ContactsViewController.swift; sourceTree = "<group>"; };
		63B2E34526FAF81F00793919 /* ProfileViewController.swift */ = {isa = PBXFileReference; lastKnownFileType = sourcecode.swift; path = ProfileViewController.swift; sourceTree = "<group>"; };
		63F86B5726F327BC007BF272 /* Ussd.app */ = {isa = PBXFileReference; explicitFileType = wrapper.application; includeInIndex = 0; path = Ussd.app; sourceTree = BUILT_PRODUCTS_DIR; };
		63F86B5A26F327BC007BF272 /* AppDelegate.swift */ = {isa = PBXFileReference; lastKnownFileType = sourcecode.swift; path = AppDelegate.swift; sourceTree = "<group>"; };
		63F86B5C26F327BC007BF272 /* SceneDelegate.swift */ = {isa = PBXFileReference; lastKnownFileType = sourcecode.swift; path = SceneDelegate.swift; sourceTree = "<group>"; };
		63F86B5E26F327BC007BF272 /* ViewController.swift */ = {isa = PBXFileReference; lastKnownFileType = sourcecode.swift; path = ViewController.swift; sourceTree = "<group>"; };
		63F86B6126F327BC007BF272 /* Base */ = {isa = PBXFileReference; lastKnownFileType = file.storyboard; name = Base; path = Base.lproj/Main.storyboard; sourceTree = "<group>"; };
		63F86B6326F327BE007BF272 /* Assets.xcassets */ = {isa = PBXFileReference; lastKnownFileType = folder.assetcatalog; path = Assets.xcassets; sourceTree = "<group>"; };
		63F86B6626F327BE007BF272 /* Base */ = {isa = PBXFileReference; lastKnownFileType = file.storyboard; name = Base; path = Base.lproj/LaunchScreen.storyboard; sourceTree = "<group>"; };
		63F86B6826F327BE007BF272 /* Info.plist */ = {isa = PBXFileReference; lastKnownFileType = text.plist.xml; path = Info.plist; sourceTree = "<group>"; };
		93170F935B18504583593CD6 /* Pods-Ussd.debug.xcconfig */ = {isa = PBXFileReference; includeInIndex = 1; lastKnownFileType = text.xcconfig; name = "Pods-Ussd.debug.xcconfig"; path = "Target Support Files/Pods-Ussd/Pods-Ussd.debug.xcconfig"; sourceTree = "<group>"; };
		D01BF9984CA37D6FB1E91436 /* Pods_Ussd.framework */ = {isa = PBXFileReference; explicitFileType = wrapper.framework; includeInIndex = 0; path = Pods_Ussd.framework; sourceTree = BUILT_PRODUCTS_DIR; };
/* End PBXFileReference section */

/* Begin PBXFrameworksBuildPhase section */
		63F86B5426F327BC007BF272 /* Frameworks */ = {
			isa = PBXFrameworksBuildPhase;
			buildActionMask = 2147483647;
			files = (
				B6DEF302B900513D16C5185D /* Pods_Ussd.framework in Frameworks */,
			);
			runOnlyForDeploymentPostprocessing = 0;
		};
/* End PBXFrameworksBuildPhase section */

/* Begin PBXGroup section */
		6377F8342702E0F000436B6D /* Cell */ = {
			isa = PBXGroup;
			children = (
				639E673B271EC96200B6451F /* VerticalColectionViewCell.swift */,
				6377F8352702E11900436B6D /* MenuCell.swift */,
				6384B167270EBB74000138B6 /* ContactViewCell.swift */,
				6366D12D2716C914009E6084 /* SideMenuCell.swift */,
				639E6739271EC91B00B6451F /* HorizontalCollectionCell.swift */,
				639E6732271E8B4900B6451F /* BusyNumCell.swift */,
				639E6747271FE19400B6451F /* NewStockCell.swift */,
				639E674B2720167C00B6451F /* headerCell.swift */,
			);
			path = Cell;
			sourceTree = "<group>";
		};
		6384B140270C48A8000138B6 /* Model */ = {
			isa = PBXGroup;
			children = (
				6384B141270C48BC000138B6 /* Model.swift */,
				6384B169270ECF59000138B6 /* Contact.swift */,
				639E6735271E9AD200B6451F /* DataMenu.swift */,
				639E673D271ECD1B00B6451F /* InternetMegabyteModel.swift */,
				639E673F271ECD3C00B6451F /* TarifModel.swift */,
				639E6745271FE16C00B6451F /* NewStockModel.swift */,
			);
			path = Model;
			sourceTree = "<group>";
		};
		639E6734271E8B6C00B6451F /* BusyNumberVC */ = {
			isa = PBXGroup;
			children = (
				639E6730271E8B1900B6451F /* BusyNumberVC.swift */,
				639E6737271EC8E000B6451F /* MainViewController.swift */,
				639E6741271ECE9900B6451F /* MapVC.swift */,
				639E6743271FE14900B6451F /* NewStockVC.swift */,
				639E6749271FE46100B6451F /* ProfileVC.swift */,
			);
			path = BusyNumberVC;
			sourceTree = "<group>";
		};
		63F86B4E26F327BC007BF272 = {
			isa = PBXGroup;
			children = (
				63F86B5926F327BC007BF272 /* Ussd */,
				63F86B5826F327BC007BF272 /* Products */,
				BE3AD363CA14ABE2BB0D4CD5 /* Pods */,
				DE3F58AED3B5687655434614 /* Frameworks */,
			);
			sourceTree = "<group>";
		};
		63F86B5826F327BC007BF272 /* Products */ = {
			isa = PBXGroup;
			children = (
				63F86B5726F327BC007BF272 /* Ussd.app */,
			);
			name = Products;
			sourceTree = "<group>";
		};
		63F86B5926F327BC007BF272 /* Ussd */ = {
			isa = PBXGroup;
			children = (
				639E6734271E8B6C00B6451F /* BusyNumberVC */,
				6384B140270C48A8000138B6 /* Model */,
				6377F8342702E0F000436B6D /* Cell */,
				63F86B6E26F333FF007BF272 /* App */,
				63F86B6F26F3340B007BF272 /* Controller */,
				63F86B7026F33417007BF272 /* Storyboard */,
				63F86B6826F327BE007BF272 /* Info.plist */,
			);
			path = Ussd;
			sourceTree = "<group>";
		};
		63F86B6E26F333FF007BF272 /* App */ = {
			isa = PBXGroup;
			children = (
				63F86B5C26F327BC007BF272 /* SceneDelegate.swift */,
				63F86B5A26F327BC007BF272 /* AppDelegate.swift */,
			);
			path = App;
			sourceTree = "<group>";
		};
		63F86B6F26F3340B007BF272 /* Controller */ = {
			isa = PBXGroup;
			children = (
				63F86B5E26F327BC007BF272 /* ViewController.swift */,
				63B2E34126FAF6C300793919 /* BonusesViewController.swift */,
				63B2E33B26FAF40700793919 /* HemeTabBarController.swift */,
				63B2E33F26FAF61E00793919 /* BalanceViewController.swift */,
				63B2E34326FAF74D00793919 /* ContactsViewController.swift */,
				63B2E34526FAF81F00793919 /* ProfileViewController.swift */,
				6384B143270C79CB000138B6 /* BlockedViewController.swift */,
				6366D12B2716C482009E6084 /* MenuListVC.swift */,
			);
			path = Controller;
			sourceTree = "<group>";
		};
		63F86B7026F33417007BF272 /* Storyboard */ = {
			isa = PBXGroup;
			children = (
				63F86B6526F327BE007BF272 /* LaunchScreen.storyboard */,
				63F86B6326F327BE007BF272 /* Assets.xcassets */,
				63F86B6026F327BC007BF272 /* Main.storyboard */,
			);
			path = Storyboard;
			sourceTree = "<group>";
		};
		BE3AD363CA14ABE2BB0D4CD5 /* Pods */ = {
			isa = PBXGroup;
			children = (
				93170F935B18504583593CD6 /* Pods-Ussd.debug.xcconfig */,
				06A11D374175B172C93439C8 /* Pods-Ussd.release.xcconfig */,
			);
			path = Pods;
			sourceTree = "<group>";
		};
		DE3F58AED3B5687655434614 /* Frameworks */ = {
			isa = PBXGroup;
			children = (
				D01BF9984CA37D6FB1E91436 /* Pods_Ussd.framework */,
			);
			name = Frameworks;
			sourceTree = "<group>";
		};
/* End PBXGroup section */

/* Begin PBXNativeTarget section */
		63F86B5626F327BC007BF272 /* Ussd */ = {
			isa = PBXNativeTarget;
			buildConfigurationList = 63F86B6B26F327BE007BF272 /* Build configuration list for PBXNativeTarget "Ussd" */;
			buildPhases = (
				155C76801EB8C116A0EE8BCC /* [CP] Check Pods Manifest.lock */,
				63F86B5326F327BC007BF272 /* Sources */,
				63F86B5426F327BC007BF272 /* Frameworks */,
				63F86B5526F327BC007BF272 /* Resources */,
				40632E2EF426A304DF8A7CB9 /* [CP] Embed Pods Frameworks */,
			);
			buildRules = (
			);
			dependencies = (
			);
			name = Ussd;
			productName = Ussd;
			productReference = 63F86B5726F327BC007BF272 /* Ussd.app */;
			productType = "com.apple.product-type.application";
		};
/* End PBXNativeTarget section */

/* Begin PBXProject section */
		63F86B4F26F327BC007BF272 /* Project object */ = {
			isa = PBXProject;
			attributes = {
				LastSwiftUpdateCheck = 1250;
				LastUpgradeCheck = 1250;
				TargetAttributes = {
					63F86B5626F327BC007BF272 = {
						CreatedOnToolsVersion = 12.5.1;
					};
				};
			};
			buildConfigurationList = 63F86B5226F327BC007BF272 /* Build configuration list for PBXProject "Ussd" */;
			compatibilityVersion = "Xcode 9.3";
			developmentRegion = en;
			hasScannedForEncodings = 0;
			knownRegions = (
				en,
				Base,
			);
			mainGroup = 63F86B4E26F327BC007BF272;
			productRefGroup = 63F86B5826F327BC007BF272 /* Products */;
			projectDirPath = "";
			projectRoot = "";
			targets = (
				63F86B5626F327BC007BF272 /* Ussd */,
			);
		};
/* End PBXProject section */

/* Begin PBXResourcesBuildPhase section */
		63F86B5526F327BC007BF272 /* Resources */ = {
			isa = PBXResourcesBuildPhase;
			buildActionMask = 2147483647;
			files = (
				63F86B6726F327BE007BF272 /* LaunchScreen.storyboard in Resources */,
				63F86B6426F327BE007BF272 /* Assets.xcassets in Resources */,
				63F86B6226F327BC007BF272 /* Main.storyboard in Resources */,
			);
			runOnlyForDeploymentPostprocessing = 0;
		};
/* End PBXResourcesBuildPhase section */

/* Begin PBXShellScriptBuildPhase section */
		155C76801EB8C116A0EE8BCC /* [CP] Check Pods Manifest.lock */ = {
			isa = PBXShellScriptBuildPhase;
			buildActionMask = 2147483647;
			files = (
			);
			inputFileListPaths = (
			);
			inputPaths = (
				"${PODS_PODFILE_DIR_PATH}/Podfile.lock",
				"${PODS_ROOT}/Manifest.lock",
			);
			name = "[CP] Check Pods Manifest.lock";
			outputFileListPaths = (
			);
			outputPaths = (
				"$(DERIVED_FILE_DIR)/Pods-Ussd-checkManifestLockResult.txt",
			);
			runOnlyForDeploymentPostprocessing = 0;
			shellPath = /bin/sh;
			shellScript = "diff \"${PODS_PODFILE_DIR_PATH}/Podfile.lock\" \"${PODS_ROOT}/Manifest.lock\" > /dev/null\nif [ $? != 0 ] ; then\n    # print error to STDERR\n    echo \"error: The sandbox is not in sync with the Podfile.lock. Run 'pod install' or update your CocoaPods installation.\" >&2\n    exit 1\nfi\n# This output is used by Xcode 'outputs' to avoid re-running this script phase.\necho \"SUCCESS\" > \"${SCRIPT_OUTPUT_FILE_0}\"\n";
			showEnvVarsInLog = 0;
		};
		40632E2EF426A304DF8A7CB9 /* [CP] Embed Pods Frameworks */ = {
			isa = PBXShellScriptBuildPhase;
			buildActionMask = 2147483647;
			files = (
			);
			inputFileListPaths = (
				"${PODS_ROOT}/Target Support Files/Pods-Ussd/Pods-Ussd-frameworks-${CONFIGURATION}-input-files.xcfilelist",
			);
			name = "[CP] Embed Pods Frameworks";
			outputFileListPaths = (
				"${PODS_ROOT}/Target Support Files/Pods-Ussd/Pods-Ussd-frameworks-${CONFIGURATION}-output-files.xcfilelist",
			);
			runOnlyForDeploymentPostprocessing = 0;
			shellPath = /bin/sh;
			shellScript = "\"${PODS_ROOT}/Target Support Files/Pods-Ussd/Pods-Ussd-frameworks.sh\"\n";
			showEnvVarsInLog = 0;
		};
/* End PBXShellScriptBuildPhase section */

/* Begin PBXSourcesBuildPhase section */
		63F86B5326F327BC007BF272 /* Sources */ = {
			isa = PBXSourcesBuildPhase;
			buildActionMask = 2147483647;
			files = (
				639E6736271E9AD200B6451F /* DataMenu.swift in Sources */,
				639E6748271FE19400B6451F /* NewStockCell.swift in Sources */,
				6384B16A270ECF59000138B6 /* Contact.swift in Sources */,
				63B2E33C26FAF40700793919 /* HemeTabBarController.swift in Sources */,
				639E6731271E8B1900B6451F /* BusyNumberVC.swift in Sources */,
				639E673C271EC96200B6451F /* VerticalColectionViewCell.swift in Sources */,
				639E6744271FE14900B6451F /* NewStockVC.swift in Sources */,
				63F86B5F26F327BC007BF272 /* ViewController.swift in Sources */,
				639E6738271EC8E000B6451F /* MainViewController.swift in Sources */,
				6377F8362702E11900436B6D /* MenuCell.swift in Sources */,
				639E6746271FE16C00B6451F /* NewStockModel.swift in Sources */,
				639E673E271ECD1B00B6451F /* InternetMegabyteModel.swift in Sources */,
				63B2E34226FAF6C300793919 /* BonusesViewController.swift in Sources */,
				63B2E34026FAF61E00793919 /* BalanceViewController.swift in Sources */,
				6384B142270C48BC000138B6 /* Model.swift in Sources */,
				63B2E34426FAF74D00793919 /* ContactsViewController.swift in Sources */,
				639E674A271FE46100B6451F /* ProfileVC.swift in Sources */,
				639E6742271ECE9900B6451F /* MapVC.swift in Sources */,
				63B2E34626FAF81F00793919 /* ProfileViewController.swift in Sources */,
				63F86B5B26F327BC007BF272 /* AppDelegate.swift in Sources */,
				63F86B5D26F327BC007BF272 /* SceneDelegate.swift in Sources */,
				6366D12E2716C914009E6084 /* SideMenuCell.swift in Sources */,
				639E673A271EC91B00B6451F /* HorizontalCollectionCell.swift in Sources */,
				639E6740271ECD3C00B6451F /* TarifModel.swift in Sources */,
				6366D12C2716C482009E6084 /* MenuListVC.swift in Sources */,
				6384B144270C79CB000138B6 /* BlockedViewController.swift in Sources */,
				639E674C2720167C00B6451F /* headerCell.swift in Sources */,
				6384B168270EBB74000138B6 /* ContactViewCell.swift in Sources */,
				639E6733271E8B4900B6451F /* BusyNumCell.swift in Sources */,
			);
			runOnlyForDeploymentPostprocessing = 0;
		};
/* End PBXSourcesBuildPhase section */

/* Begin PBXVariantGroup section */
		63F86B6026F327BC007BF272 /* Main.storyboard */ = {
			isa = PBXVariantGroup;
			children = (
				63F86B6126F327BC007BF272 /* Base */,
			);
			name = Main.storyboard;
			sourceTree = "<group>";
		};
		63F86B6526F327BE007BF272 /* LaunchScreen.storyboard */ = {
			isa = PBXVariantGroup;
			children = (
				63F86B6626F327BE007BF272 /* Base */,
			);
			name = LaunchScreen.storyboard;
			sourceTree = "<group>";
		};
/* End PBXVariantGroup section */

/* Begin XCBuildConfiguration section */
		63F86B6926F327BE007BF272 /* Debug */ = {
			isa = XCBuildConfiguration;
			buildSettings = {
				ALWAYS_SEARCH_USER_PATHS = NO;
				CLANG_ANALYZER_NONNULL = YES;
				CLANG_ANALYZER_NUMBER_OBJECT_CONVERSION = YES_AGGRESSIVE;
				CLANG_CXX_LANGUAGE_STANDARD = "gnu++14";
				CLANG_CXX_LIBRARY = "libc++";
				CLANG_ENABLE_MODULES = YES;
				CLANG_ENABLE_OBJC_ARC = YES;
				CLANG_ENABLE_OBJC_WEAK = YES;
				CLANG_WARN_BLOCK_CAPTURE_AUTORELEASING = YES;
				CLANG_WARN_BOOL_CONVERSION = YES;
				CLANG_WARN_COMMA = YES;
				CLANG_WARN_CONSTANT_CONVERSION = YES;
				CLANG_WARN_DEPRECATED_OBJC_IMPLEMENTATIONS = YES;
				CLANG_WARN_DIRECT_OBJC_ISA_USAGE = YES_ERROR;
				CLANG_WARN_DOCUMENTATION_COMMENTS = YES;
				CLANG_WARN_EMPTY_BODY = YES;
				CLANG_WARN_ENUM_CONVERSION = YES;
				CLANG_WARN_INFINITE_RECURSION = YES;
				CLANG_WARN_INT_CONVERSION = YES;
				CLANG_WARN_NON_LITERAL_NULL_CONVERSION = YES;
				CLANG_WARN_OBJC_IMPLICIT_RETAIN_SELF = YES;
				CLANG_WARN_OBJC_LITERAL_CONVERSION = YES;
				CLANG_WARN_OBJC_ROOT_CLASS = YES_ERROR;
				CLANG_WARN_QUOTED_INCLUDE_IN_FRAMEWORK_HEADER = YES;
				CLANG_WARN_RANGE_LOOP_ANALYSIS = YES;
				CLANG_WARN_STRICT_PROTOTYPES = YES;
				CLANG_WARN_SUSPICIOUS_MOVE = YES;
				CLANG_WARN_UNGUARDED_AVAILABILITY = YES_AGGRESSIVE;
				CLANG_WARN_UNREACHABLE_CODE = YES;
				CLANG_WARN__DUPLICATE_METHOD_MATCH = YES;
				COPY_PHASE_STRIP = NO;
				DEBUG_INFORMATION_FORMAT = dwarf;
				ENABLE_STRICT_OBJC_MSGSEND = YES;
				ENABLE_TESTABILITY = YES;
				GCC_C_LANGUAGE_STANDARD = gnu11;
				GCC_DYNAMIC_NO_PIC = NO;
				GCC_NO_COMMON_BLOCKS = YES;
				GCC_OPTIMIZATION_LEVEL = 0;
				GCC_PREPROCESSOR_DEFINITIONS = (
					"DEBUG=1",
					"$(inherited)",
				);
				GCC_WARN_64_TO_32_BIT_CONVERSION = YES;
				GCC_WARN_ABOUT_RETURN_TYPE = YES_ERROR;
				GCC_WARN_UNDECLARED_SELECTOR = YES;
				GCC_WARN_UNINITIALIZED_AUTOS = YES_AGGRESSIVE;
				GCC_WARN_UNUSED_FUNCTION = YES;
				GCC_WARN_UNUSED_VARIABLE = YES;
				IPHONEOS_DEPLOYMENT_TARGET = 14.5;
				MTL_ENABLE_DEBUG_INFO = INCLUDE_SOURCE;
				MTL_FAST_MATH = YES;
				ONLY_ACTIVE_ARCH = YES;
				SDKROOT = iphoneos;
				SWIFT_ACTIVE_COMPILATION_CONDITIONS = DEBUG;
				SWIFT_OPTIMIZATION_LEVEL = "-Onone";
			};
			name = Debug;
		};
		63F86B6A26F327BE007BF272 /* Release */ = {
			isa = XCBuildConfiguration;
			buildSettings = {
				ALWAYS_SEARCH_USER_PATHS = NO;
				CLANG_ANALYZER_NONNULL = YES;
				CLANG_ANALYZER_NUMBER_OBJECT_CONVERSION = YES_AGGRESSIVE;
				CLANG_CXX_LANGUAGE_STANDARD = "gnu++14";
				CLANG_CXX_LIBRARY = "libc++";
				CLANG_ENABLE_MODULES = YES;
				CLANG_ENABLE_OBJC_ARC = YES;
				CLANG_ENABLE_OBJC_WEAK = YES;
				CLANG_WARN_BLOCK_CAPTURE_AUTORELEASING = YES;
				CLANG_WARN_BOOL_CONVERSION = YES;
				CLANG_WARN_COMMA = YES;
				CLANG_WARN_CONSTANT_CONVERSION = YES;
				CLANG_WARN_DEPRECATED_OBJC_IMPLEMENTATIONS = YES;
				CLANG_WARN_DIRECT_OBJC_ISA_USAGE = YES_ERROR;
				CLANG_WARN_DOCUMENTATION_COMMENTS = YES;
				CLANG_WARN_EMPTY_BODY = YES;
				CLANG_WARN_ENUM_CONVERSION = YES;
				CLANG_WARN_INFINITE_RECURSION = YES;
				CLANG_WARN_INT_CONVERSION = YES;
				CLANG_WARN_NON_LITERAL_NULL_CONVERSION = YES;
				CLANG_WARN_OBJC_IMPLICIT_RETAIN_SELF = YES;
				CLANG_WARN_OBJC_LITERAL_CONVERSION = YES;
				CLANG_WARN_OBJC_ROOT_CLASS = YES_ERROR;
				CLANG_WARN_QUOTED_INCLUDE_IN_FRAMEWORK_HEADER = YES;
				CLANG_WARN_RANGE_LOOP_ANALYSIS = YES;
				CLANG_WARN_STRICT_PROTOTYPES = YES;
				CLANG_WARN_SUSPICIOUS_MOVE = YES;
				CLANG_WARN_UNGUARDED_AVAILABILITY = YES_AGGRESSIVE;
				CLANG_WARN_UNREACHABLE_CODE = YES;
				CLANG_WARN__DUPLICATE_METHOD_MATCH = YES;
				COPY_PHASE_STRIP = NO;
				DEBUG_INFORMATION_FORMAT = "dwarf-with-dsym";
				ENABLE_NS_ASSERTIONS = NO;
				ENABLE_STRICT_OBJC_MSGSEND = YES;
				GCC_C_LANGUAGE_STANDARD = gnu11;
				GCC_NO_COMMON_BLOCKS = YES;
				GCC_WARN_64_TO_32_BIT_CONVERSION = YES;
				GCC_WARN_ABOUT_RETURN_TYPE = YES_ERROR;
				GCC_WARN_UNDECLARED_SELECTOR = YES;
				GCC_WARN_UNINITIALIZED_AUTOS = YES_AGGRESSIVE;
				GCC_WARN_UNUSED_FUNCTION = YES;
				GCC_WARN_UNUSED_VARIABLE = YES;
				IPHONEOS_DEPLOYMENT_TARGET = 14.5;
				MTL_ENABLE_DEBUG_INFO = NO;
				MTL_FAST_MATH = YES;
				SDKROOT = iphoneos;
				SWIFT_COMPILATION_MODE = wholemodule;
				SWIFT_OPTIMIZATION_LEVEL = "-O";
				VALIDATE_PRODUCT = YES;
			};
			name = Release;
		};
		63F86B6C26F327BE007BF272 /* Debug */ = {
			isa = XCBuildConfiguration;
			baseConfigurationReference = 93170F935B18504583593CD6 /* Pods-Ussd.debug.xcconfig */;
			buildSettings = {
				ASSETCATALOG_COMPILER_APPICON_NAME = AppIcon;
				ASSETCATALOG_COMPILER_GLOBAL_ACCENT_COLOR_NAME = AccentColor;
				CODE_SIGN_STYLE = Automatic;
				INFOPLIST_FILE = Ussd/Info.plist;
				LD_RUNPATH_SEARCH_PATHS = (
					"$(inherited)",
					"@executable_path/Frameworks",
				);
				PRODUCT_BUNDLE_IDENTIFIER = uz.digidal.sity.Ussd;
				PRODUCT_NAME = "$(TARGET_NAME)";
				SWIFT_VERSION = 5.0;
				TARGETED_DEVICE_FAMILY = "1,2";
			};
			name = Debug;
		};
		63F86B6D26F327BE007BF272 /* Release */ = {
			isa = XCBuildConfiguration;
			baseConfigurationReference = 06A11D374175B172C93439C8 /* Pods-Ussd.release.xcconfig */;
			buildSettings = {
				ASSETCATALOG_COMPILER_APPICON_NAME = AppIcon;
				ASSETCATALOG_COMPILER_GLOBAL_ACCENT_COLOR_NAME = AccentColor;
				CODE_SIGN_STYLE = Automatic;
				INFOPLIST_FILE = Ussd/Info.plist;
				LD_RUNPATH_SEARCH_PATHS = (
					"$(inherited)",
					"@executable_path/Frameworks",
				);
				PRODUCT_BUNDLE_IDENTIFIER = uz.digidal.sity.Ussd;
				PRODUCT_NAME = "$(TARGET_NAME)";
				SWIFT_VERSION = 5.0;
				TARGETED_DEVICE_FAMILY = "1,2";
			};
			name = Release;
		};
/* End XCBuildConfiguration section */

/* Begin XCConfigurationList section */
		63F86B5226F327BC007BF272 /* Build configuration list for PBXProject "Ussd" */ = {
			isa = XCConfigurationList;
			buildConfigurations = (
				63F86B6926F327BE007BF272 /* Debug */,
				63F86B6A26F327BE007BF272 /* Release */,
			);
			defaultConfigurationIsVisible = 0;
			defaultConfigurationName = Release;
		};
		63F86B6B26F327BE007BF272 /* Build configuration list for PBXNativeTarget "Ussd" */ = {
			isa = XCConfigurationList;
			buildConfigurations = (
				63F86B6C26F327BE007BF272 /* Debug */,
				63F86B6D26F327BE007BF272 /* Release */,
			);
			defaultConfigurationIsVisible = 0;
			defaultConfigurationName = Release;
		};
/* End XCConfigurationList section */
	};
	rootObject = 63F86B4F26F327BC007BF272 /* Project object */;
}
